
Microsoft Visual Studio Solution File, Format Version 12.00
# Visual Studio Version 17
VisualStudioVersion = 17.0.31903.59
MinimumVisualStudioVersion = 10.0.40219.1
Project("{FAE04EC0-301F-11D3-BF4B-00C04F79EFBC}") = "API", "API\API.csproj", "{900645CB-F75D-45CA-9F4B-A55E9DAD3914}"
EndProject
Project("{FAE04EC0-301F-11D3-BF4B-00C04F79EFBC}") = "Core", "Core\Core.csproj", "{3574B02E-8F3B-4FEC-8BC0-1731274B0F54}"
EndProject
Project("{FAE04EC0-301F-11D3-BF4B-00C04F79EFBC}") = "Infrastructure", "Infrastructure\Infrastructure.csproj", "{8E22CE72-D8BE-4A30-B98E-1DD41920393E}"
EndProject
Global
	GlobalSection(SolutionConfigurationPlatforms) = preSolution
		Debug|Any CPU = Debug|Any CPU
		Release|Any CPU = Release|Any CPU
	EndGlobalSection
	GlobalSection(SolutionProperties) = preSolution
		HideSolutionNode = FALSE
	EndGlobalSection
	GlobalSection(ProjectConfigurationPlatforms) = postSolution
		{900645CB-F75D-45CA-9F4B-A55E9DAD3914}.Debug|Any CPU.ActiveCfg = Debug|Any CPU
		{900645CB-F75D-45CA-9F4B-A55E9DAD3914}.Debug|Any CPU.Build.0 = Debug|Any CPU
		{900645CB-F75D-45CA-9F4B-A55E9DAD3914}.Release|Any CPU.ActiveCfg = Release|Any CPU
		{900645CB-F75D-45CA-9F4B-A55E9DAD3914}.Release|Any CPU.Build.0 = Release|Any CPU
		{3574B02E-8F3B-4FEC-8BC0-1731274B0F54}.Debug|Any CPU.ActiveCfg = Debug|Any CPU
		{3574B02E-8F3B-4FEC-8BC0-1731274B0F54}.Debug|Any CPU.Build.0 = Debug|Any CPU
		{3574B02E-8F3B-4FEC-8BC0-1731274B0F54}.Release|Any CPU.ActiveCfg = Release|Any CPU
		{3574B02E-8F3B-4FEC-8BC0-1731274B0F54}.Release|Any CPU.Build.0 = Release|Any CPU
		{8E22CE72-D8BE-4A30-B98E-1DD41920393E}.Debug|Any CPU.ActiveCfg = Debug|Any CPU
		{8E22CE72-D8BE-4A30-B98E-1DD41920393E}.Debug|Any CPU.Build.0 = Debug|Any CPU
		{8E22CE72-D8BE-4A30-B98E-1DD41920393E}.Release|Any CPU.ActiveCfg = Release|Any CPU
		{8E22CE72-D8BE-4A30-B98E-1DD41920393E}.Release|Any CPU.Build.0 = Release|Any CPU
	EndGlobalSection
EndGlobal
